# This file was autogenerated by uv via the following command:
#    uv pip compile pyproject.toml --output-file requirements.lock
hummbl-governance==1.5.1
    # via governed-compression (pyproject.toml)
numpy==2.5.2
    # via governed-compression (pyproject.toml)
# inputs-sha256: ec07511e4013619b398514558cc35b9560098431a8cfdf20e73bb987406b69a8
