# This file was autogenerated by uv via the following command:
#    uv pip compile pyproject.toml --generate-hashes --output-file requirements.lock
hummbl-governance==1.4.2 \
    --hash=sha256:48fade5c1feb0fab7409c0fc811605f262f4eb7caf3000efc933c51ef82d1861 \
    --hash=sha256:6b360bef7ce01185ac2b057fe24c85294106c140081a62db74fdf32927aacc9e
    # via hummbl-mcp-governance (pyproject.toml)
