# This file was autogenerated by uv via the following command:
#    uv pip compile pyproject.toml --generate-hashes --output-file requirements.lock
hummbl-bus==0.2.1 \
    --hash=sha256:56bfae50982779a66de8931f69e3c06031426803789b58f1793b5426fea23e97 \
    --hash=sha256:b145b42efa4abe539c40c0ee5ff614d94c9eac8bba7ee4693be9dbf1a01bbfb4
    # via hummbl-cognition
hummbl-cognition==0.1.0 \
    --hash=sha256:3b1016df04bd20e809c91df06995d56a2e30b54a113c114327098cb6b6d9ba8a \
    --hash=sha256:3c172fe8fe82f04490bf1a386c4eda11115267d53fca32f124d8b4b98906721a
    # via hummbl-mcp-cognitive-ledger (pyproject.toml)
