# This file was autogenerated by uv via the following command:
#    uv pip compile pyproject.toml --generate-hashes --output-file requirements.lock
base120==3.0.2 \
    --hash=sha256:3724b153d4ef4acde65815442c4719790589f3e8843507a6e9a822d377aeec0c \
    --hash=sha256:5c466ce65d28360db7c01d5ea2e7b20f8be44a14d00a5a4f1811bc9c204910d8
    # via hummbl-mcp-base120 (pyproject.toml)
