# This file was autogenerated by uv via the following command:
#    uv pip compile pyproject.toml --generate-hashes --output-file requirements.lock
hummbl-bus==0.2.1 \
    --hash=sha256:56bfae50982779a66de8931f69e3c06031426803789b58f1793b5426fea23e97 \
    --hash=sha256:b145b42efa4abe539c40c0ee5ff614d94c9eac8bba7ee4693be9dbf1a01bbfb4
    # via hummbl-mcp-coordination-bus (pyproject.toml)
