{
  "name": "@hummbl/mcp-base120",
  "version": "0.1.0-canary.0",
  "lockfileVersion": 3,
  "requires": true,
  "packages": {
    "": {
      "name": "@hummbl/mcp-base120",
      "version": "0.1.0-canary.0",
      "license": "UNLICENSED",
      "bin": {
        "hummbl-mcp-base120": "bin/mcp-base120.mjs"
      },
      "engines": {
        "node": ">=22.0.0"
      }
    }
  }
}
